
Microsoft Visual Studio Solution File, Format Version 12.00
# Visual Studio 15
VisualStudioVersion = 15.0.28307.168
MinimumVisualStudioVersion = 10.0.40219.1
Project("{9A19103F-16F7-4668-BE54-9A1E7A4F7556}") = "LoadCompress.Cli", "LoadCompress.Cli\LoadCompress.Cli.csproj", "{617638F1-BDDB-44B1-BBFC-2781C0BC3DE3}"
EndProject
Project("{9A19103F-16F7-4668-BE54-9A1E7A4F7556}") = "LoadCompress.Core.Tests", "LoadCompress.Core.Tests\LoadCompress.Core.Tests.csproj", "{74C399DB-BE09-464C-A884-3EC44D0B90C8}"
EndProject
Project("{9A19103F-16F7-4668-BE54-9A1E7A4F7556}") = "LoadCompress.Core", "LoadCompress.Core\LoadCompress.Core.csproj", "{C97CE331-AB7E-4F2E-88EF-1E669F2B4860}"
EndProject
Project("{9A19103F-16F7-4668-BE54-9A1E7A4F7556}") = "LoadCompress.Benchmarks", "LoadCompress.Benchmarks\LoadCompress.Benchmarks.csproj", "{656040E7-0C55-4465-8435-17F3D18C5CE0}"
EndProject
Project("{9A19103F-16F7-4668-BE54-9A1E7A4F7556}") = "LoadCompress.IntegrationTests", "LoadCompress.IntegrationTests\LoadCompress.IntegrationTests.csproj", "{ECFEB8AF-3A70-4EDD-9670-3D9322225E31}"
EndProject
Project("{2150E333-8FDC-42A3-9474-1A3956D46DE8}") = "Tests", "Tests", "{18E35AF1-A331-46D7-956A-5A09686AE58E}"
EndProject
Global
	GlobalSection(SolutionConfigurationPlatforms) = preSolution
		Debug|Any CPU = Debug|Any CPU
		Release|Any CPU = Release|Any CPU
	EndGlobalSection
	GlobalSection(ProjectConfigurationPlatforms) = postSolution
		{617638F1-BDDB-44B1-BBFC-2781C0BC3DE3}.Debug|Any CPU.ActiveCfg = Debug|Any CPU
		{617638F1-BDDB-44B1-BBFC-2781C0BC3DE3}.Debug|Any CPU.Build.0 = Debug|Any CPU
		{617638F1-BDDB-44B1-BBFC-2781C0BC3DE3}.Release|Any CPU.ActiveCfg = Release|Any CPU
		{617638F1-BDDB-44B1-BBFC-2781C0BC3DE3}.Release|Any CPU.Build.0 = Release|Any CPU
		{74C399DB-BE09-464C-A884-3EC44D0B90C8}.Debug|Any CPU.ActiveCfg = Debug|Any CPU
		{74C399DB-BE09-464C-A884-3EC44D0B90C8}.Debug|Any CPU.Build.0 = Debug|Any CPU
		{74C399DB-BE09-464C-A884-3EC44D0B90C8}.Release|Any CPU.ActiveCfg = Release|Any CPU
		{74C399DB-BE09-464C-A884-3EC44D0B90C8}.Release|Any CPU.Build.0 = Release|Any CPU
		{C97CE331-AB7E-4F2E-88EF-1E669F2B4860}.Debug|Any CPU.ActiveCfg = Debug|Any CPU
		{C97CE331-AB7E-4F2E-88EF-1E669F2B4860}.Debug|Any CPU.Build.0 = Debug|Any CPU
		{C97CE331-AB7E-4F2E-88EF-1E669F2B4860}.Release|Any CPU.ActiveCfg = Release|Any CPU
		{C97CE331-AB7E-4F2E-88EF-1E669F2B4860}.Release|Any CPU.Build.0 = Release|Any CPU
		{656040E7-0C55-4465-8435-17F3D18C5CE0}.Debug|Any CPU.ActiveCfg = Debug|Any CPU
		{656040E7-0C55-4465-8435-17F3D18C5CE0}.Debug|Any CPU.Build.0 = Debug|Any CPU
		{656040E7-0C55-4465-8435-17F3D18C5CE0}.Release|Any CPU.ActiveCfg = Release|Any CPU
		{656040E7-0C55-4465-8435-17F3D18C5CE0}.Release|Any CPU.Build.0 = Release|Any CPU
		{ECFEB8AF-3A70-4EDD-9670-3D9322225E31}.Debug|Any CPU.ActiveCfg = Debug|Any CPU
		{ECFEB8AF-3A70-4EDD-9670-3D9322225E31}.Debug|Any CPU.Build.0 = Debug|Any CPU
		{ECFEB8AF-3A70-4EDD-9670-3D9322225E31}.Release|Any CPU.ActiveCfg = Release|Any CPU
		{ECFEB8AF-3A70-4EDD-9670-3D9322225E31}.Release|Any CPU.Build.0 = Release|Any CPU
	EndGlobalSection
	GlobalSection(SolutionProperties) = preSolution
		HideSolutionNode = FALSE
	EndGlobalSection
	GlobalSection(NestedProjects) = preSolution
		{74C399DB-BE09-464C-A884-3EC44D0B90C8} = {18E35AF1-A331-46D7-956A-5A09686AE58E}
		{656040E7-0C55-4465-8435-17F3D18C5CE0} = {18E35AF1-A331-46D7-956A-5A09686AE58E}
		{ECFEB8AF-3A70-4EDD-9670-3D9322225E31} = {18E35AF1-A331-46D7-956A-5A09686AE58E}
	EndGlobalSection
	GlobalSection(ExtensibilityGlobals) = postSolution
		SolutionGuid = {8B60074C-859D-44B5-845F-E11D059BF665}
	EndGlobalSection
EndGlobal
